
Microsoft Visual Studio Solution File, Format Version 12.00
# Visual Studio Version 16
VisualStudioVersion = 16.0.30011.22
MinimumVisualStudioVersion = 10.0.40219.1
Project("{FAE04EC0-301F-11D3-BF4B-00C04F79EFBC}") = "ProjetoTeste", "ProjetoTeste.csproj", "{732987D2-2610-468E-8C18-FDEFC11189DF}"
EndProject
Global
	GlobalSection(SolutionConfigurationPlatforms) = preSolution
		Debug|Any CPU = Debug|Any CPU
		Release|Any CPU = Release|Any CPU
	EndGlobalSection
	GlobalSection(ProjectConfigurationPlatforms) = postSolution
		{732987D2-2610-468E-8C18-FDEFC11189DF}.Debug|Any CPU.ActiveCfg = Debug|Any CPU
		{732987D2-2610-468E-8C18-FDEFC11189DF}.Debug|Any CPU.Build.0 = Debug|Any CPU
		{732987D2-2610-468E-8C18-FDEFC11189DF}.Release|Any CPU.ActiveCfg = Release|Any CPU
		{732987D2-2610-468E-8C18-FDEFC11189DF}.Release|Any CPU.Build.0 = Release|Any CPU
	EndGlobalSection
	GlobalSection(SolutionProperties) = preSolution
		HideSolutionNode = FALSE
	EndGlobalSection
	GlobalSection(ExtensibilityGlobals) = postSolution
		SolutionGuid = {2108B2AE-1635-4E10-A6E2-7C3B9F1C5B49}
	EndGlobalSection
EndGlobal
